PODS:
  - Capacitor (7.0.0):
    - CapacitorCordova
  - CapacitorApp (7.0.0):
    - Capacitor
  - CapacitorCordova (7.0.0)
  - CapacitorHaptics (7.0.0):
    - Capacitor
  - CapacitorKeyboard (7.0.0):
    - Capacitor
  - CapacitorMlkitBarcodeScanning (7.0.0):
    - Capacitor
    - GoogleMLKit/BarcodeScanning (= 7.0.0)
  - CapacitorMlkitFaceDetection (7.0.0-next.3):
    - Capacitor
    - GoogleMLKit/FaceDetection (= 7.0.0)
  - CapacitorMlkitFaceMeshDetection (7.0.0-next.3):
    - Capacitor
  - CapacitorMlkitSelfieSegmentation (7.0.0-next.3):
    - Capacitor
    - GoogleMLKit/SegmentationSelfie (= 7.0.0)
  - CapacitorMlkitTranslation (7.0.0-next.3):
    - Capacitor
    - GoogleMLKit/Translate (= 7.0.0)
  - CapacitorStatusBar (7.0.0):
    - Capacitor
  - CapawesomeCapacitorFilePicker (6.2.0):
    - Capacitor
  - CapawesomeCapacitorTorch (6.2.1):
    - Capacitor
  - GoogleDataTransport (10.1.0):
    - nanopb (~> 3.30910.0)
    - PromisesObjC (~> 2.4)
  - GoogleMLKit/BarcodeScanning (7.0.0):
    - GoogleMLKit/MLKitCore
    - MLKitBarcodeScanning (~> 6.0.0)
  - GoogleMLKit/FaceDetection (7.0.0):
    - GoogleMLKit/MLKitCore
    - MLKitFaceDetection (~> 6.0.0)
  - GoogleMLKit/MLKitCore (7.0.0):
    - MLKitCommon (~> 12.0.0)
  - GoogleMLKit/SegmentationSelfie (7.0.0):
    - GoogleMLKit/MLKitCore
    - MLKitSegmentationSelfie (~> 1.0.0-beta12)
  - GoogleMLKit/Translate (7.0.0):
    - GoogleMLKit/MLKitCore
    - MLKitTranslate (~> 6.0.0)
  - GoogleToolboxForMac/Defines (4.2.1)
  - GoogleToolboxForMac/Logger (4.2.1):
    - GoogleToolboxForMac/Defines (= 4.2.1)
  - "GoogleToolboxForMac/NSData+zlib (4.2.1)":
    - GoogleToolboxForMac/Defines (= 4.2.1)
  - GoogleToolboxForMac/StringEncoding (4.2.1):
    - GoogleToolboxForMac/Defines (= 4.2.1)
  - GoogleUtilities/Environment (8.0.2):
    - GoogleUtilities/Privacy
  - GoogleUtilities/Logger (8.0.2):
    - GoogleUtilities/Environment
    - GoogleUtilities/Privacy
  - GoogleUtilities/Privacy (8.0.2)
  - GoogleUtilities/UserDefaults (8.0.2):
    - GoogleUtilities/Logger
    - GoogleUtilities/Privacy
  - GTMSessionFetcher/Core (3.5.0)
  - MLImage (1.0.0-beta6)
  - MLKitBarcodeScanning (6.0.0):
    - MLKitCommon (~> 12.0)
    - MLKitVision (~> 8.0)
  - MLKitCommon (12.0.0):
    - GoogleDataTransport (~> 10.0)
    - GoogleToolboxForMac/Logger (< 5.0, >= 4.2.1)
    - "GoogleToolboxForMac/NSData+zlib (< 5.0, >= 4.2.1)"
    - GoogleUtilities/Logger (~> 8.0)
    - GoogleUtilities/UserDefaults (~> 8.0)
    - GTMSessionFetcher/Core (< 4.0, >= 3.3.2)
  - MLKitFaceDetection (6.0.0):
    - MLKitCommon (~> 12.0)
    - MLKitVision (~> 8.0)
  - MLKitNaturalLanguage (8.0.0):
    - GoogleToolboxForMac/Logger (< 5.0, >= 4.2.1)
    - "GoogleToolboxForMac/NSData+zlib (< 5.0, >= 4.2.1)"
    - GoogleToolboxForMac/StringEncoding (< 5.0, >= 4.2.1)
    - GTMSessionFetcher/Core (< 4.0, >= 3.3.2)
    - MLKitCommon (~> 12.0)
  - MLKitSegmentationCommon (1.0.0-beta12):
    - MLKitCommon (~> 12.0)
    - MLKitXenoCommon (= 1.0.0-beta14)
  - MLKitSegmentationSelfie (1.0.0-beta12):
    - MLKitSegmentationCommon (= 1.0.0-beta12)
  - MLKitTranslate (6.0.0):
    - MLKitNaturalLanguage (~> 8.0)
    - SSZipArchive (< 3.0, >= 2.5.5)
  - MLKitVision (8.0.0):
    - GoogleToolboxForMac/Logger (< 5.0, >= 4.2.1)
    - "GoogleToolboxForMac/NSData+zlib (< 5.0, >= 4.2.1)"
    - GTMSessionFetcher/Core (< 4.0, >= 3.3.2)
    - MLImage (= 1.0.0-beta6)
    - MLKitCommon (~> 12.0)
  - MLKitXenoCommon (1.0.0-beta14):
    - MLKitCommon (~> 12.0)
    - MLKitVision (~> 8.0)
  - nanopb (3.30910.0):
    - nanopb/decode (= 3.30910.0)
    - nanopb/encode (= 3.30910.0)
  - nanopb/decode (3.30910.0)
  - nanopb/encode (3.30910.0)
  - PromisesObjC (2.4.0)
  - SSZipArchive (2.6.0)

DEPENDENCIES:
  - "Capacitor (from `../../node_modules/@capacitor/ios`)"
  - "CapacitorApp (from `../../node_modules/@capacitor/app`)"
  - "CapacitorCordova (from `../../node_modules/@capacitor/ios`)"
  - "CapacitorHaptics (from `../../node_modules/@capacitor/haptics`)"
  - "CapacitorKeyboard (from `../../node_modules/@capacitor/keyboard`)"
  - "CapacitorMlkitBarcodeScanning (from `../../node_modules/@capacitor-mlkit/barcode-scanning`)"
  - "CapacitorMlkitFaceDetection (from `../../node_modules/@capacitor-mlkit/face-detection`)"
  - "CapacitorMlkitFaceMeshDetection (from `../../node_modules/@capacitor-mlkit/face-mesh-detection`)"
  - "CapacitorMlkitSelfieSegmentation (from `../../node_modules/@capacitor-mlkit/selfie-segmentation`)"
  - "CapacitorMlkitTranslation (from `../../node_modules/@capacitor-mlkit/translation`)"
  - "CapacitorStatusBar (from `../../node_modules/@capacitor/status-bar`)"
  - "CapawesomeCapacitorFilePicker (from `../../node_modules/@capawesome/capacitor-file-picker`)"
  - "CapawesomeCapacitorTorch (from `../../node_modules/@capawesome/capacitor-torch`)"

SPEC REPOS:
  trunk:
    - GoogleDataTransport
    - GoogleMLKit
    - GoogleToolboxForMac
    - GoogleUtilities
    - GTMSessionFetcher
    - MLImage
    - MLKitBarcodeScanning
    - MLKitCommon
    - MLKitFaceDetection
    - MLKitNaturalLanguage
    - MLKitSegmentationCommon
    - MLKitSegmentationSelfie
    - MLKitTranslate
    - MLKitVision
    - MLKitXenoCommon
    - nanopb
    - PromisesObjC
    - SSZipArchive

EXTERNAL SOURCES:
  Capacitor:
    :path: "../../node_modules/@capacitor/ios"
  CapacitorApp:
    :path: "../../node_modules/@capacitor/app"
  CapacitorCordova:
    :path: "../../node_modules/@capacitor/ios"
  CapacitorHaptics:
    :path: "../../node_modules/@capacitor/haptics"
  CapacitorKeyboard:
    :path: "../../node_modules/@capacitor/keyboard"
  CapacitorMlkitBarcodeScanning:
    :path: "../../node_modules/@capacitor-mlkit/barcode-scanning"
  CapacitorMlkitFaceDetection:
    :path: "../../node_modules/@capacitor-mlkit/face-detection"
  CapacitorMlkitFaceMeshDetection:
    :path: "../../node_modules/@capacitor-mlkit/face-mesh-detection"
  CapacitorMlkitSelfieSegmentation:
    :path: "../../node_modules/@capacitor-mlkit/selfie-segmentation"
  CapacitorMlkitTranslation:
    :path: "../../node_modules/@capacitor-mlkit/translation"
  CapacitorStatusBar:
    :path: "../../node_modules/@capacitor/status-bar"
  CapawesomeCapacitorFilePicker:
    :path: "../../node_modules/@capawesome/capacitor-file-picker"
  CapawesomeCapacitorTorch:
    :path: "../../node_modules/@capawesome/capacitor-torch"

SPEC CHECKSUMS:
  Capacitor: 82d1f3b4480d66b5996814f74500dcbc0908558c
  CapacitorApp: 9cb31064a6c6bb2b1438583733a7bf45557fc1da
  CapacitorCordova: 345f93b7edd121db98e4ec20ac94d6d7bcaf7e48
  CapacitorHaptics: 7be406a91e4eb87287f321c6c68e1709d6837b3a
  CapacitorKeyboard: 4db71e694e7afb5d7c0be09b05495c19f7d6c914
  CapacitorMlkitBarcodeScanning: db64496b3e8f41be79e3ef81bfd1bb430adcb0ca
  CapacitorMlkitFaceDetection: 324734ebf39055b54c56f282e1268616512cf994
  CapacitorMlkitFaceMeshDetection: 27ddc81ffd5f0d8a2a265b00c6808f0d706c1a17
  CapacitorMlkitSelfieSegmentation: 25d8d2f2c3eaf65976d618a122b966e6315c1d56
  CapacitorMlkitTranslation: cc540d23a89c5ab9975a7d5cc0e4315259b7890b
  CapacitorStatusBar: a8c4c83ed2e973bdafb979e80e4b00d027832cb7
  CapawesomeCapacitorFilePicker: 433bf83bc2fd583e55859023f108ba39f3df7cb9
  CapawesomeCapacitorTorch: 0bcc3bf30e31246ae6ddd17d72db7e91e08ca90c
  GoogleDataTransport: aae35b7ea0c09004c3797d53c8c41f66f219d6a7
  GoogleMLKit: eff9e23ec1d90ea4157a1ee2e32a4f610c5b3318
  GoogleToolboxForMac: d1a2cbf009c453f4d6ded37c105e2f67a32206d8
  GoogleUtilities: 26a3abef001b6533cf678d3eb38fd3f614b7872d
  GTMSessionFetcher: 5aea5ba6bd522a239e236100971f10cb71b96ab6
  MLImage: 0ad1c5f50edd027672d8b26b0fee78a8b4a0fc56
  MLKitBarcodeScanning: 0a3064da0a7f49ac24ceb3cb46a5bc67496facd2
  MLKitCommon: 07c2c33ae5640e5380beaaa6e4b9c249a205542d
  MLKitFaceDetection: 2a593db4837db503ad3426b565e7aab045cefea5
  MLKitNaturalLanguage: 1faece38017b0cf8eb49ac69cff10cb419f68c01
  MLKitSegmentationCommon: a172e593007cb4c2637276280ea7bc4dd8a4ca3e
  MLKitSegmentationSelfie: 9a70d110d1ab62bab31bf3337727d1dfeb98cbe8
  MLKitTranslate: 2082cce437292f2f7477bfef02022ef69d8e77aa
  MLKitVision: 45e79d68845a2de77e2dd4d7f07947f0ed157b0e
  MLKitXenoCommon: ce5047943af6b4be7ae035dd81b3a56fdb29aab3
  nanopb: fad817b59e0457d11a5dfbde799381cd727c1275
  PromisesObjC: f5707f49cb48b9636751c5b2e7d227e43fba9f47
  SSZipArchive: 8a6ee5677c8e304bebc109e39cf0da91ccef22ea

PODFILE CHECKSUM: e89372bcab0afbcdb4a62357ff98fc74d3d41603

COCOAPODS: 1.16.2
